
Microsoft Visual Studio Solution File, Format Version 12.00
# Visual Studio Version 17
VisualStudioVersion = 17.13.35931.197 d17.13
MinimumVisualStudioVersion = 10.0.40219.1
Project("{FAE04EC0-301F-11D3-BF4B-00C04F79EFBC}") = "Chat.API", "Chat.API\Chat.API.csproj", "{2FE13E90-9B69-4FAE-9C74-6BEDA008E3F7}"
EndProject
Project("{FAE04EC0-301F-11D3-BF4B-00C04F79EFBC}") = "Chat.Core", "Chat.Core\Chat.Core.csproj", "{76B39ABA-A009-42F1-9D1F-FDC794C74249}"
EndProject
Project("{FAE04EC0-301F-11D3-BF4B-00C04F79EFBC}") = "Chat.Tests", "Chat.Tests\Chat.Tests.csproj", "{6035187E-C455-42D9-8DF6-24BA2294AA5A}"
EndProject
Global
	GlobalSection(SolutionConfigurationPlatforms) = preSolution
		Debug|Any CPU = Debug|Any CPU
		Release|Any CPU = Release|Any CPU
	EndGlobalSection
	GlobalSection(ProjectConfigurationPlatforms) = postSolution
		{2FE13E90-9B69-4FAE-9C74-6BEDA008E3F7}.Debug|Any CPU.ActiveCfg = Debug|Any CPU
		{2FE13E90-9B69-4FAE-9C74-6BEDA008E3F7}.Debug|Any CPU.Build.0 = Debug|Any CPU
		{2FE13E90-9B69-4FAE-9C74-6BEDA008E3F7}.Release|Any CPU.ActiveCfg = Release|Any CPU
		{2FE13E90-9B69-4FAE-9C74-6BEDA008E3F7}.Release|Any CPU.Build.0 = Release|Any CPU
		{76B39ABA-A009-42F1-9D1F-FDC794C74249}.Debug|Any CPU.ActiveCfg = Debug|Any CPU
		{76B39ABA-A009-42F1-9D1F-FDC794C74249}.Debug|Any CPU.Build.0 = Debug|Any CPU
		{76B39ABA-A009-42F1-9D1F-FDC794C74249}.Release|Any CPU.ActiveCfg = Release|Any CPU
		{76B39ABA-A009-42F1-9D1F-FDC794C74249}.Release|Any CPU.Build.0 = Release|Any CPU
		{6035187E-C455-42D9-8DF6-24BA2294AA5A}.Debug|Any CPU.ActiveCfg = Debug|Any CPU
		{6035187E-C455-42D9-8DF6-24BA2294AA5A}.Debug|Any CPU.Build.0 = Debug|Any CPU
		{6035187E-C455-42D9-8DF6-24BA2294AA5A}.Release|Any CPU.ActiveCfg = Release|Any CPU
		{6035187E-C455-42D9-8DF6-24BA2294AA5A}.Release|Any CPU.Build.0 = Release|Any CPU
	EndGlobalSection
	GlobalSection(SolutionProperties) = preSolution
		HideSolutionNode = FALSE
	EndGlobalSection
	GlobalSection(ExtensibilityGlobals) = postSolution
		SolutionGuid = {F76152B5-233B-4245-B11D-BE7DEEE1A3C0}
	EndGlobalSection
EndGlobal
